// !$*UTF8*$!
{
	archiveVersion = 1;
	classes = {
	};
	objectVersion = 56;
	objects = {

/* Begin PBXBuildFile section */
		DE0742C02B1F58C40039CF68 /* Viewcode.swift in Sources */ = {isa = PBXBuildFile; fileRef = DE0742BF2B1F58C40039CF68 /* Viewcode.swift */; };
		DE0742C22B1F58D20039CF68 /* Coordinator.swift in Sources */ = {isa = PBXBuildFile; fileRef = DE0742C12B1F58D20039CF68 /* Coordinator.swift */; };
		DE0742C62B1F5A9D0039CF68 /* MainCoordinator.swift in Sources */ = {isa = PBXBuildFile; fileRef = DE0742C52B1F5A9D0039CF68 /* MainCoordinator.swift */; };
		DE0742C82B1F5DC10039CF68 /* alelo.json in Resources */ = {isa = PBXBuildFile; fileRef = DE0742C72B1F5DC10039CF68 /* alelo.json */; };
		DE0742CB2B1F5E1D0039CF68 /* Product.swift in Sources */ = {isa = PBXBuildFile; fileRef = DE0742CA2B1F5E1D0039CF68 /* Product.swift */; };
		DE0742CE2B1F8C2B0039CF68 /* JsonService.swift in Sources */ = {isa = PBXBuildFile; fileRef = DE0742CD2B1F8C2B0039CF68 /* JsonService.swift */; };
		DE0742D02B1F8E0F0039CF68 /* MainViewModel.swift in Sources */ = {isa = PBXBuildFile; fileRef = DE0742CF2B1F8E0F0039CF68 /* MainViewModel.swift */; };
		DE0742D32B20212F0039CF68 /* ProductTableViewCell.swift in Sources */ = {isa = PBXBuildFile; fileRef = DE0742D22B20212F0039CF68 /* ProductTableViewCell.swift */; };
		DE0742D62B2031610039CF68 /* Kingfisher in Frameworks */ = {isa = PBXBuildFile; productRef = DE0742D52B2031610039CF68 /* Kingfisher */; };
		DE0742D82B20B5FD0039CF68 /* CartItem.swift in Sources */ = {isa = PBXBuildFile; fileRef = DE0742D72B20B5FD0039CF68 /* CartItem.swift */; };
		DE0742DB2B20B93D0039CF68 /* StringExtensions.swift in Sources */ = {isa = PBXBuildFile; fileRef = DE0742DA2B20B93D0039CF68 /* StringExtensions.swift */; };
		DE0742DE2B20BC350039CF68 /* MainViewModelTests.swift in Sources */ = {isa = PBXBuildFile; fileRef = DE0742DD2B20BC340039CF68 /* MainViewModelTests.swift */; };
		DE0742E02B20BC670039CF68 /* JsonServiceMock.swift in Sources */ = {isa = PBXBuildFile; fileRef = DE0742DF2B20BC670039CF68 /* JsonServiceMock.swift */; };
		DE0742E32B20C0070039CF68 /* MainViewControllerTests.swift in Sources */ = {isa = PBXBuildFile; fileRef = DE0742E22B20C0070039CF68 /* MainViewControllerTests.swift */; };
		DE0742E62B20C0950039CF68 /* MainViewModelMock.swift in Sources */ = {isa = PBXBuildFile; fileRef = DE0742E52B20C0950039CF68 /* MainViewModelMock.swift */; };
		DE0742EE2B20C3620039CF68 /* alelo_challengeUITests.swift in Sources */ = {isa = PBXBuildFile; fileRef = DE0742ED2B20C3620039CF68 /* alelo_challengeUITests.swift */; };
		DE0742F02B20C3620039CF68 /* alelo_challengeUITestsLaunchTests.swift in Sources */ = {isa = PBXBuildFile; fileRef = DE0742EF2B20C3620039CF68 /* alelo_challengeUITestsLaunchTests.swift */; };
		DE0742F82B20C3EB0039CF68 /* SnapshotTesting in Frameworks */ = {isa = PBXBuildFile; productRef = DE0742F72B20C3EB0039CF68 /* SnapshotTesting */; };
		DE0742FA2B20C4B60039CF68 /* InlineSnapshotTesting in Frameworks */ = {isa = PBXBuildFile; productRef = DE0742F92B20C4B60039CF68 /* InlineSnapshotTesting */; };
		DE2923112B1A518400B1D633 /* AppDelegate.swift in Sources */ = {isa = PBXBuildFile; fileRef = DE2923102B1A518400B1D633 /* AppDelegate.swift */; };
		DE2923132B1A518400B1D633 /* SceneDelegate.swift in Sources */ = {isa = PBXBuildFile; fileRef = DE2923122B1A518400B1D633 /* SceneDelegate.swift */; };
		DE2923152B1A518400B1D633 /* MainViewController.swift in Sources */ = {isa = PBXBuildFile; fileRef = DE2923142B1A518400B1D633 /* MainViewController.swift */; };
		DE29231D2B1A518600B1D633 /* Assets.xcassets in Resources */ = {isa = PBXBuildFile; fileRef = DE29231C2B1A518600B1D633 /* Assets.xcassets */; };
/* End PBXBuildFile section */

/* Begin PBXContainerItemProxy section */
		DE0742F12B20C3620039CF68 /* PBXContainerItemProxy */ = {
			isa = PBXContainerItemProxy;
			containerPortal = DE2923052B1A518400B1D633 /* Project object */;
			proxyType = 1;
			remoteGlobalIDString = DE29230C2B1A518400B1D633;
			remoteInfo = "alelo-challenge";
		};
		DE2923272B1A518700B1D633 /* PBXContainerItemProxy */ = {
			isa = PBXContainerItemProxy;
			containerPortal = DE2923052B1A518400B1D633 /* Project object */;
			proxyType = 1;
			remoteGlobalIDString = DE29230C2B1A518400B1D633;
			remoteInfo = "alelo-challenge";
		};
/* End PBXContainerItemProxy section */

/* Begin PBXFileReference section */
		DE0742BF2B1F58C40039CF68 /* Viewcode.swift */ = {isa = PBXFileReference; lastKnownFileType = sourcecode.swift; path = Viewcode.swift; sourceTree = "<group>"; };
		DE0742C12B1F58D20039CF68 /* Coordinator.swift */ = {isa = PBXFileReference; lastKnownFileType = sourcecode.swift; path = Coordinator.swift; sourceTree = "<group>"; };
		DE0742C52B1F5A9D0039CF68 /* MainCoordinator.swift */ = {isa = PBXFileReference; lastKnownFileType = sourcecode.swift; path = MainCoordinator.swift; sourceTree = "<group>"; };
		DE0742C72B1F5DC10039CF68 /* alelo.json */ = {isa = PBXFileReference; fileEncoding = 4; lastKnownFileType = text.json; path = alelo.json; sourceTree = "<group>"; };
		DE0742CA2B1F5E1D0039CF68 /* Product.swift */ = {isa = PBXFileReference; lastKnownFileType = sourcecode.swift; path = Product.swift; sourceTree = "<group>"; };
		DE0742CD2B1F8C2B0039CF68 /* JsonService.swift */ = {isa = PBXFileReference; lastKnownFileType = sourcecode.swift; path = JsonService.swift; sourceTree = "<group>"; };
		DE0742CF2B1F8E0F0039CF68 /* MainViewModel.swift */ = {isa = PBXFileReference; lastKnownFileType = sourcecode.swift; path = MainViewModel.swift; sourceTree = "<group>"; };
		DE0742D22B20212F0039CF68 /* ProductTableViewCell.swift */ = {isa = PBXFileReference; lastKnownFileType = sourcecode.swift; path = ProductTableViewCell.swift; sourceTree = "<group>"; };
		DE0742D72B20B5FD0039CF68 /* CartItem.swift */ = {isa = PBXFileReference; lastKnownFileType = sourcecode.swift; path = CartItem.swift; sourceTree = "<group>"; };
		DE0742DA2B20B93D0039CF68 /* StringExtensions.swift */ = {isa = PBXFileReference; lastKnownFileType = sourcecode.swift; path = StringExtensions.swift; sourceTree = "<group>"; };
		DE0742DD2B20BC340039CF68 /* MainViewModelTests.swift */ = {isa = PBXFileReference; lastKnownFileType = sourcecode.swift; path = MainViewModelTests.swift; sourceTree = "<group>"; };
		DE0742DF2B20BC670039CF68 /* JsonServiceMock.swift */ = {isa = PBXFileReference; lastKnownFileType = sourcecode.swift; path = JsonServiceMock.swift; sourceTree = "<group>"; };
		DE0742E22B20C0070039CF68 /* MainViewControllerTests.swift */ = {isa = PBXFileReference; lastKnownFileType = sourcecode.swift; path = MainViewControllerTests.swift; sourceTree = "<group>"; };
		DE0742E52B20C0950039CF68 /* MainViewModelMock.swift */ = {isa = PBXFileReference; lastKnownFileType = sourcecode.swift; path = MainViewModelMock.swift; sourceTree = "<group>"; };
		DE0742EB2B20C3610039CF68 /* alelo-challengeUITests.xctest */ = {isa = PBXFileReference; explicitFileType = wrapper.cfbundle; includeInIndex = 0; path = "alelo-challengeUITests.xctest"; sourceTree = BUILT_PRODUCTS_DIR; };
		DE0742ED2B20C3620039CF68 /* alelo_challengeUITests.swift */ = {isa = PBXFileReference; lastKnownFileType = sourcecode.swift; path = alelo_challengeUITests.swift; sourceTree = "<group>"; };
		DE0742EF2B20C3620039CF68 /* alelo_challengeUITestsLaunchTests.swift */ = {isa = PBXFileReference; lastKnownFileType = sourcecode.swift; path = alelo_challengeUITestsLaunchTests.swift; sourceTree = "<group>"; };
		DE29230D2B1A518400B1D633 /* alelo-challenge.app */ = {isa = PBXFileReference; explicitFileType = wrapper.application; includeInIndex = 0; path = "alelo-challenge.app"; sourceTree = BUILT_PRODUCTS_DIR; };
		DE2923102B1A518400B1D633 /* AppDelegate.swift */ = {isa = PBXFileReference; lastKnownFileType = sourcecode.swift; path = AppDelegate.swift; sourceTree = "<group>"; };
		DE2923122B1A518400B1D633 /* SceneDelegate.swift */ = {isa = PBXFileReference; lastKnownFileType = sourcecode.swift; path = SceneDelegate.swift; sourceTree = "<group>"; };
		DE2923142B1A518400B1D633 /* MainViewController.swift */ = {isa = PBXFileReference; lastKnownFileType = sourcecode.swift; path = MainViewController.swift; sourceTree = "<group>"; };
		DE29231C2B1A518600B1D633 /* Assets.xcassets */ = {isa = PBXFileReference; lastKnownFileType = folder.assetcatalog; path = Assets.xcassets; sourceTree = "<group>"; };
		DE2923212B1A518600B1D633 /* Info.plist */ = {isa = PBXFileReference; lastKnownFileType = text.plist.xml; path = Info.plist; sourceTree = "<group>"; };
		DE2923262B1A518700B1D633 /* alelo-challengeTests.xctest */ = {isa = PBXFileReference; explicitFileType = wrapper.cfbundle; includeInIndex = 0; path = "alelo-challengeTests.xctest"; sourceTree = BUILT_PRODUCTS_DIR; };
/* End PBXFileReference section */

/* Begin PBXFrameworksBuildPhase section */
		DE0742E82B20C3610039CF68 /* Frameworks */ = {
			isa = PBXFrameworksBuildPhase;
			buildActionMask = 2147483647;
			files = (
			);
			runOnlyForDeploymentPostprocessing = 0;
		};
		DE29230A2B1A518400B1D633 /* Frameworks */ = {
			isa = PBXFrameworksBuildPhase;
			buildActionMask = 2147483647;
			files = (
				DE0742D62B2031610039CF68 /* Kingfisher in Frameworks */,
			);
			runOnlyForDeploymentPostprocessing = 0;
		};
		DE2923232B1A518700B1D633 /* Frameworks */ = {
			isa = PBXFrameworksBuildPhase;
			buildActionMask = 2147483647;
			files = (
				DE0742FA2B20C4B60039CF68 /* InlineSnapshotTesting in Frameworks */,
				DE0742F82B20C3EB0039CF68 /* SnapshotTesting in Frameworks */,
			);
			runOnlyForDeploymentPostprocessing = 0;
		};
/* End PBXFrameworksBuildPhase section */

/* Begin PBXGroup section */
		DE0742BE2B1F58B10039CF68 /* Protocols */ = {
			isa = PBXGroup;
			children = (
				DE0742BF2B1F58C40039CF68 /* Viewcode.swift */,
				DE0742C12B1F58D20039CF68 /* Coordinator.swift */,
			);
			path = Protocols;
			sourceTree = "<group>";
		};
		DE0742C32B1F59C70039CF68 /* Scenes */ = {
			isa = PBXGroup;
			children = (
				DE0742C42B1F5A720039CF68 /* Main */,
			);
			path = Scenes;
			sourceTree = "<group>";
		};
		DE0742C42B1F5A720039CF68 /* Main */ = {
			isa = PBXGroup;
			children = (
				DE2923142B1A518400B1D633 /* MainViewController.swift */,
				DE0742C52B1F5A9D0039CF68 /* MainCoordinator.swift */,
				DE0742CF2B1F8E0F0039CF68 /* MainViewModel.swift */,
			);
			path = Main;
			sourceTree = "<group>";
		};
		DE0742C92B1F5E0D0039CF68 /* Models */ = {
			isa = PBXGroup;
			children = (
				DE0742CA2B1F5E1D0039CF68 /* Product.swift */,
				DE0742D72B20B5FD0039CF68 /* CartItem.swift */,
			);
			path = Models;
			sourceTree = "<group>";
		};
		DE0742CC2B1F8C1A0039CF68 /* Services */ = {
			isa = PBXGroup;
			children = (
				DE0742CD2B1F8C2B0039CF68 /* JsonService.swift */,
			);
			path = Services;
			sourceTree = "<group>";
		};
		DE0742D12B20210B0039CF68 /* Views */ = {
			isa = PBXGroup;
			children = (
				DE0742D22B20212F0039CF68 /* ProductTableViewCell.swift */,
			);
			path = Views;
			sourceTree = "<group>";
		};
		DE0742D92B20B9300039CF68 /* Extensions */ = {
			isa = PBXGroup;
			children = (
				DE0742DA2B20B93D0039CF68 /* StringExtensions.swift */,
			);
			path = Extensions;
			sourceTree = "<group>";
		};
		DE0742DC2B20BC200039CF68 /* Mocks */ = {
			isa = PBXGroup;
			children = (
				DE0742E52B20C0950039CF68 /* MainViewModelMock.swift */,
				DE0742DF2B20BC670039CF68 /* JsonServiceMock.swift */,
			);
			path = Mocks;
			sourceTree = "<group>";
		};
		DE0742EC2B20C3620039CF68 /* alelo-challengeUITests */ = {
			isa = PBXGroup;
			children = (
				DE0742ED2B20C3620039CF68 /* alelo_challengeUITests.swift */,
				DE0742EF2B20C3620039CF68 /* alelo_challengeUITestsLaunchTests.swift */,
			);
			path = "alelo-challengeUITests";
			sourceTree = "<group>";
		};
		DE0742F62B20C3EB0039CF68 /* Frameworks */ = {
			isa = PBXGroup;
			children = (
			);
			name = Frameworks;
			sourceTree = "<group>";
		};
		DE2923042B1A518400B1D633 = {
			isa = PBXGroup;
			children = (
				DE29230F2B1A518400B1D633 /* alelo-challenge */,
				DE2923292B1A518700B1D633 /* alelo-challengeTests */,
				DE0742EC2B20C3620039CF68 /* alelo-challengeUITests */,
				DE29230E2B1A518400B1D633 /* Products */,
				DE0742F62B20C3EB0039CF68 /* Frameworks */,
			);
			sourceTree = "<group>";
		};
		DE29230E2B1A518400B1D633 /* Products */ = {
			isa = PBXGroup;
			children = (
				DE29230D2B1A518400B1D633 /* alelo-challenge.app */,
				DE2923262B1A518700B1D633 /* alelo-challengeTests.xctest */,
				DE0742EB2B20C3610039CF68 /* alelo-challengeUITests.xctest */,
			);
			name = Products;
			sourceTree = "<group>";
		};
		DE29230F2B1A518400B1D633 /* alelo-challenge */ = {
			isa = PBXGroup;
			children = (
				DE0742D92B20B9300039CF68 /* Extensions */,
				DE0742D12B20210B0039CF68 /* Views */,
				DE0742CC2B1F8C1A0039CF68 /* Services */,
				DE0742C92B1F5E0D0039CF68 /* Models */,
				DE0742C32B1F59C70039CF68 /* Scenes */,
				DE0742BE2B1F58B10039CF68 /* Protocols */,
				DE2923442B1A51FD00B1D633 /* Resources */,
				DE2923432B1A51C200B1D633 /* SystemDelegates */,
				DE2923212B1A518600B1D633 /* Info.plist */,
			);
			path = "alelo-challenge";
			sourceTree = "<group>";
		};
		DE2923292B1A518700B1D633 /* alelo-challengeTests */ = {
			isa = PBXGroup;
			children = (
				DE0742DC2B20BC200039CF68 /* Mocks */,
				DE0742DD2B20BC340039CF68 /* MainViewModelTests.swift */,
				DE0742E22B20C0070039CF68 /* MainViewControllerTests.swift */,
			);
			path = "alelo-challengeTests";
			sourceTree = "<group>";
		};
		DE2923432B1A51C200B1D633 /* SystemDelegates */ = {
			isa = PBXGroup;
			children = (
				DE2923102B1A518400B1D633 /* AppDelegate.swift */,
				DE2923122B1A518400B1D633 /* SceneDelegate.swift */,
			);
			path = SystemDelegates;
			sourceTree = "<group>";
		};
		DE2923442B1A51FD00B1D633 /* Resources */ = {
			isa = PBXGroup;
			children = (
				DE0742C72B1F5DC10039CF68 /* alelo.json */,
				DE29231C2B1A518600B1D633 /* Assets.xcassets */,
			);
			path = Resources;
			sourceTree = "<group>";
		};
/* End PBXGroup section */

/* Begin PBXNativeTarget section */
		DE0742EA2B20C3610039CF68 /* alelo-challengeUITests */ = {
			isa = PBXNativeTarget;
			buildConfigurationList = DE0742F32B20C3620039CF68 /* Build configuration list for PBXNativeTarget "alelo-challengeUITests" */;
			buildPhases = (
				DE0742E72B20C3610039CF68 /* Sources */,
				DE0742E82B20C3610039CF68 /* Frameworks */,
				DE0742E92B20C3610039CF68 /* Resources */,
			);
			buildRules = (
			);
			dependencies = (
				DE0742F22B20C3620039CF68 /* PBXTargetDependency */,
			);
			name = "alelo-challengeUITests";
			productName = "alelo-challengeUITests";
			productReference = DE0742EB2B20C3610039CF68 /* alelo-challengeUITests.xctest */;
			productType = "com.apple.product-type.bundle.ui-testing";
		};
		DE29230C2B1A518400B1D633 /* alelo-challenge */ = {
			isa = PBXNativeTarget;
			buildConfigurationList = DE29233A2B1A518700B1D633 /* Build configuration list for PBXNativeTarget "alelo-challenge" */;
			buildPhases = (
				DE2923092B1A518400B1D633 /* Sources */,
				DE29230A2B1A518400B1D633 /* Frameworks */,
				DE29230B2B1A518400B1D633 /* Resources */,
			);
			buildRules = (
			);
			dependencies = (
			);
			name = "alelo-challenge";
			packageProductDependencies = (
				DE0742D52B2031610039CF68 /* Kingfisher */,
			);
			productName = "alelo-challenge";
			productReference = DE29230D2B1A518400B1D633 /* alelo-challenge.app */;
			productType = "com.apple.product-type.application";
		};
		DE2923252B1A518700B1D633 /* alelo-challengeTests */ = {
			isa = PBXNativeTarget;
			buildConfigurationList = DE29233D2B1A518700B1D633 /* Build configuration list for PBXNativeTarget "alelo-challengeTests" */;
			buildPhases = (
				DE2923222B1A518700B1D633 /* Sources */,
				DE2923232B1A518700B1D633 /* Frameworks */,
				DE2923242B1A518700B1D633 /* Resources */,
			);
			buildRules = (
			);
			dependencies = (
				DE2923282B1A518700B1D633 /* PBXTargetDependency */,
			);
			name = "alelo-challengeTests";
			packageProductDependencies = (
				DE0742F72B20C3EB0039CF68 /* SnapshotTesting */,
				DE0742F92B20C4B60039CF68 /* InlineSnapshotTesting */,
			);
			productName = "alelo-challengeTests";
			productReference = DE2923262B1A518700B1D633 /* alelo-challengeTests.xctest */;
			productType = "com.apple.product-type.bundle.unit-test";
		};
/* End PBXNativeTarget section */

/* Begin PBXProject section */
		DE2923052B1A518400B1D633 /* Project object */ = {
			isa = PBXProject;
			attributes = {
				BuildIndependentTargetsInParallel = 1;
				LastSwiftUpdateCheck = 1500;
				LastUpgradeCheck = 1500;
				TargetAttributes = {
					DE0742EA2B20C3610039CF68 = {
						CreatedOnToolsVersion = 15.0;
						TestTargetID = DE29230C2B1A518400B1D633;
					};
					DE29230C2B1A518400B1D633 = {
						CreatedOnToolsVersion = 15.0;
					};
					DE2923252B1A518700B1D633 = {
						CreatedOnToolsVersion = 15.0;
						TestTargetID = DE29230C2B1A518400B1D633;
					};
				};
			};
			buildConfigurationList = DE2923082B1A518400B1D633 /* Build configuration list for PBXProject "alelo-challenge" */;
			compatibilityVersion = "Xcode 14.0";
			developmentRegion = en;
			hasScannedForEncodings = 0;
			knownRegions = (
				en,
				Base,
			);
			mainGroup = DE2923042B1A518400B1D633;
			packageReferences = (
				DE0742D42B2031610039CF68 /* XCRemoteSwiftPackageReference "Kingfisher" */,
				DE0742E12B20BFD60039CF68 /* XCRemoteSwiftPackageReference "swift-snapshot-testing" */,
			);
			productRefGroup = DE29230E2B1A518400B1D633 /* Products */;
			projectDirPath = "";
			projectRoot = "";
			targets = (
				DE29230C2B1A518400B1D633 /* alelo-challenge */,
				DE2923252B1A518700B1D633 /* alelo-challengeTests */,
				DE0742EA2B20C3610039CF68 /* alelo-challengeUITests */,
			);
		};
/* End PBXProject section */

/* Begin PBXResourcesBuildPhase section */
		DE0742E92B20C3610039CF68 /* Resources */ = {
			isa = PBXResourcesBuildPhase;
			buildActionMask = 2147483647;
			files = (
			);
			runOnlyForDeploymentPostprocessing = 0;
		};
		DE29230B2B1A518400B1D633 /* Resources */ = {
			isa = PBXResourcesBuildPhase;
			buildActionMask = 2147483647;
			files = (
				DE29231D2B1A518600B1D633 /* Assets.xcassets in Resources */,
				DE0742C82B1F5DC10039CF68 /* alelo.json in Resources */,
			);
			runOnlyForDeploymentPostprocessing = 0;
		};
		DE2923242B1A518700B1D633 /* Resources */ = {
			isa = PBXResourcesBuildPhase;
			buildActionMask = 2147483647;
			files = (
			);
			runOnlyForDeploymentPostprocessing = 0;
		};
/* End PBXResourcesBuildPhase section */

/* Begin PBXSourcesBuildPhase section */
		DE0742E72B20C3610039CF68 /* Sources */ = {
			isa = PBXSourcesBuildPhase;
			buildActionMask = 2147483647;
			files = (
				DE0742F02B20C3620039CF68 /* alelo_challengeUITestsLaunchTests.swift in Sources */,
				DE0742EE2B20C3620039CF68 /* alelo_challengeUITests.swift in Sources */,
			);
			runOnlyForDeploymentPostprocessing = 0;
		};
		DE2923092B1A518400B1D633 /* Sources */ = {
			isa = PBXSourcesBuildPhase;
			buildActionMask = 2147483647;
			files = (
				DE0742DB2B20B93D0039CF68 /* StringExtensions.swift in Sources */,
				DE2923152B1A518400B1D633 /* MainViewController.swift in Sources */,
				DE0742CB2B1F5E1D0039CF68 /* Product.swift in Sources */,
				DE0742D82B20B5FD0039CF68 /* CartItem.swift in Sources */,
				DE0742C62B1F5A9D0039CF68 /* MainCoordinator.swift in Sources */,
				DE2923112B1A518400B1D633 /* AppDelegate.swift in Sources */,
				DE0742C22B1F58D20039CF68 /* Coordinator.swift in Sources */,
				DE0742D02B1F8E0F0039CF68 /* MainViewModel.swift in Sources */,
				DE2923132B1A518400B1D633 /* SceneDelegate.swift in Sources */,
				DE0742D32B20212F0039CF68 /* ProductTableViewCell.swift in Sources */,
				DE0742C02B1F58C40039CF68 /* Viewcode.swift in Sources */,
				DE0742CE2B1F8C2B0039CF68 /* JsonService.swift in Sources */,
			);
			runOnlyForDeploymentPostprocessing = 0;
		};
		DE2923222B1A518700B1D633 /* Sources */ = {
			isa = PBXSourcesBuildPhase;
			buildActionMask = 2147483647;
			files = (
				DE0742DE2B20BC350039CF68 /* MainViewModelTests.swift in Sources */,
				DE0742E62B20C0950039CF68 /* MainViewModelMock.swift in Sources */,
				DE0742E02B20BC670039CF68 /* JsonServiceMock.swift in Sources */,
				DE0742E32B20C0070039CF68 /* MainViewControllerTests.swift in Sources */,
			);
			runOnlyForDeploymentPostprocessing = 0;
		};
/* End PBXSourcesBuildPhase section */

/* Begin PBXTargetDependency section */
		DE0742F22B20C3620039CF68 /* PBXTargetDependency */ = {
			isa = PBXTargetDependency;
			target = DE29230C2B1A518400B1D633 /* alelo-challenge */;
			targetProxy = DE0742F12B20C3620039CF68 /* PBXContainerItemProxy */;
		};
		DE2923282B1A518700B1D633 /* PBXTargetDependency */ = {
			isa = PBXTargetDependency;
			target = DE29230C2B1A518400B1D633 /* alelo-challenge */;
			targetProxy = DE2923272B1A518700B1D633 /* PBXContainerItemProxy */;
		};
/* End PBXTargetDependency section */

/* Begin XCBuildConfiguration section */
		DE0742F42B20C3620039CF68 /* Debug */ = {
			isa = XCBuildConfiguration;
			buildSettings = {
				CODE_SIGN_STYLE = Automatic;
				CURRENT_PROJECT_VERSION = 1;
				DEVELOPMENT_TEAM = 5MVGTUBM8B;
				GENERATE_INFOPLIST_FILE = YES;
				MARKETING_VERSION = 1.0;
				PRODUCT_BUNDLE_IDENTIFIER = "santiago.alelo-challengeUITests";
				PRODUCT_NAME = "$(TARGET_NAME)";
				SWIFT_EMIT_LOC_STRINGS = NO;
				SWIFT_VERSION = 5.0;
				TARGETED_DEVICE_FAMILY = "1,2";
				TEST_TARGET_NAME = "alelo-challenge";
			};
			name = Debug;
		};
		DE0742F52B20C3620039CF68 /* Release */ = {
			isa = XCBuildConfiguration;
			buildSettings = {
				CODE_SIGN_STYLE = Automatic;
				CURRENT_PROJECT_VERSION = 1;
				DEVELOPMENT_TEAM = 5MVGTUBM8B;
				GENERATE_INFOPLIST_FILE = YES;
				MARKETING_VERSION = 1.0;
				PRODUCT_BUNDLE_IDENTIFIER = "santiago.alelo-challengeUITests";
				PRODUCT_NAME = "$(TARGET_NAME)";
				SWIFT_EMIT_LOC_STRINGS = NO;
				SWIFT_VERSION = 5.0;
				TARGETED_DEVICE_FAMILY = "1,2";
				TEST_TARGET_NAME = "alelo-challenge";
			};
			name = Release;
		};
		DE2923382B1A518700B1D633 /* Debug */ = {
			isa = XCBuildConfiguration;
			buildSettings = {
				ALWAYS_SEARCH_USER_PATHS = NO;
				ASSETCATALOG_COMPILER_GENERATE_SWIFT_ASSET_SYMBOL_EXTENSIONS = YES;
				CLANG_ANALYZER_NONNULL = YES;
				CLANG_ANALYZER_NUMBER_OBJECT_CONVERSION = YES_AGGRESSIVE;
				CLANG_CXX_LANGUAGE_STANDARD = "gnu++20";
				CLANG_ENABLE_MODULES = YES;
				CLANG_ENABLE_OBJC_ARC = YES;
				CLANG_ENABLE_OBJC_WEAK = YES;
				CLANG_WARN_BLOCK_CAPTURE_AUTORELEASING = YES;
				CLANG_WARN_BOOL_CONVERSION = YES;
				CLANG_WARN_COMMA = YES;
				CLANG_WARN_CONSTANT_CONVERSION = YES;
				CLANG_WARN_DEPRECATED_OBJC_IMPLEMENTATIONS = YES;
				CLANG_WARN_DIRECT_OBJC_ISA_USAGE = YES_ERROR;
				CLANG_WARN_DOCUMENTATION_COMMENTS = YES;
				CLANG_WARN_EMPTY_BODY = YES;
				CLANG_WARN_ENUM_CONVERSION = YES;
				CLANG_WARN_INFINITE_RECURSION = YES;
				CLANG_WARN_INT_CONVERSION = YES;
				CLANG_WARN_NON_LITERAL_NULL_CONVERSION = YES;
				CLANG_WARN_OBJC_IMPLICIT_RETAIN_SELF = YES;
				CLANG_WARN_OBJC_LITERAL_CONVERSION = YES;
				CLANG_WARN_OBJC_ROOT_CLASS = YES_ERROR;
				CLANG_WARN_QUOTED_INCLUDE_IN_FRAMEWORK_HEADER = YES;
				CLANG_WARN_RANGE_LOOP_ANALYSIS = YES;
				CLANG_WARN_STRICT_PROTOTYPES = YES;
				CLANG_WARN_SUSPICIOUS_MOVE = YES;
				CLANG_WARN_UNGUARDED_AVAILABILITY = YES_AGGRESSIVE;
				CLANG_WARN_UNREACHABLE_CODE = YES;
				CLANG_WARN__DUPLICATE_METHOD_MATCH = YES;
				COPY_PHASE_STRIP = NO;
				DEBUG_INFORMATION_FORMAT = dwarf;
				ENABLE_STRICT_OBJC_MSGSEND = YES;
				ENABLE_TESTABILITY = YES;
				ENABLE_USER_SCRIPT_SANDBOXING = YES;
				GCC_C_LANGUAGE_STANDARD = gnu17;
				GCC_DYNAMIC_NO_PIC = NO;
				GCC_NO_COMMON_BLOCKS = YES;
				GCC_OPTIMIZATION_LEVEL = 0;
				GCC_PREPROCESSOR_DEFINITIONS = (
					"DEBUG=1",
					"$(inherited)",
				);
				GCC_WARN_64_TO_32_BIT_CONVERSION = YES;
				GCC_WARN_ABOUT_RETURN_TYPE = YES_ERROR;
				GCC_WARN_UNDECLARED_SELECTOR = YES;
				GCC_WARN_UNINITIALIZED_AUTOS = YES_AGGRESSIVE;
				GCC_WARN_UNUSED_FUNCTION = YES;
				GCC_WARN_UNUSED_VARIABLE = YES;
				IPHONEOS_DEPLOYMENT_TARGET = 17.0;
				LOCALIZATION_PREFERS_STRING_CATALOGS = YES;
				MTL_ENABLE_DEBUG_INFO = INCLUDE_SOURCE;
				MTL_FAST_MATH = YES;
				ONLY_ACTIVE_ARCH = YES;
				SDKROOT = iphoneos;
				SWIFT_ACTIVE_COMPILATION_CONDITIONS = "DEBUG $(inherited)";
				SWIFT_OPTIMIZATION_LEVEL = "-Onone";
			};
			name = Debug;
		};
		DE2923392B1A518700B1D633 /* Release */ = {
			isa = XCBuildConfiguration;
			buildSettings = {
				ALWAYS_SEARCH_USER_PATHS = NO;
				ASSETCATALOG_COMPILER_GENERATE_SWIFT_ASSET_SYMBOL_EXTENSIONS = YES;
				CLANG_ANALYZER_NONNULL = YES;
				CLANG_ANALYZER_NUMBER_OBJECT_CONVERSION = YES_AGGRESSIVE;
				CLANG_CXX_LANGUAGE_STANDARD = "gnu++20";
				CLANG_ENABLE_MODULES = YES;
				CLANG_ENABLE_OBJC_ARC = YES;
				CLANG_ENABLE_OBJC_WEAK = YES;
				CLANG_WARN_BLOCK_CAPTURE_AUTORELEASING = YES;
				CLANG_WARN_BOOL_CONVERSION = YES;
				CLANG_WARN_COMMA = YES;
				CLANG_WARN_CONSTANT_CONVERSION = YES;
				CLANG_WARN_DEPRECATED_OBJC_IMPLEMENTATIONS = YES;
				CLANG_WARN_DIRECT_OBJC_ISA_USAGE = YES_ERROR;
				CLANG_WARN_DOCUMENTATION_COMMENTS = YES;
				CLANG_WARN_EMPTY_BODY = YES;
				CLANG_WARN_ENUM_CONVERSION = YES;
				CLANG_WARN_INFINITE_RECURSION = YES;
				CLANG_WARN_INT_CONVERSION = YES;
				CLANG_WARN_NON_LITERAL_NULL_CONVERSION = YES;
				CLANG_WARN_OBJC_IMPLICIT_RETAIN_SELF = YES;
				CLANG_WARN_OBJC_LITERAL_CONVERSION = YES;
				CLANG_WARN_OBJC_ROOT_CLASS = YES_ERROR;
				CLANG_WARN_QUOTED_INCLUDE_IN_FRAMEWORK_HEADER = YES;
				CLANG_WARN_RANGE_LOOP_ANALYSIS = YES;
				CLANG_WARN_STRICT_PROTOTYPES = YES;
				CLANG_WARN_SUSPICIOUS_MOVE = YES;
				CLANG_WARN_UNGUARDED_AVAILABILITY = YES_AGGRESSIVE;
				CLANG_WARN_UNREACHABLE_CODE = YES;
				CLANG_WARN__DUPLICATE_METHOD_MATCH = YES;
				COPY_PHASE_STRIP = NO;
				DEBUG_INFORMATION_FORMAT = "dwarf-with-dsym";
				ENABLE_NS_ASSERTIONS = NO;
				ENABLE_STRICT_OBJC_MSGSEND = YES;
				ENABLE_USER_SCRIPT_SANDBOXING = YES;
				GCC_C_LANGUAGE_STANDARD = gnu17;
				GCC_NO_COMMON_BLOCKS = YES;
				GCC_WARN_64_TO_32_BIT_CONVERSION = YES;
				GCC_WARN_ABOUT_RETURN_TYPE = YES_ERROR;
				GCC_WARN_UNDECLARED_SELECTOR = YES;
				GCC_WARN_UNINITIALIZED_AUTOS = YES_AGGRESSIVE;
				GCC_WARN_UNUSED_FUNCTION = YES;
				GCC_WARN_UNUSED_VARIABLE = YES;
				IPHONEOS_DEPLOYMENT_TARGET = 17.0;
				LOCALIZATION_PREFERS_STRING_CATALOGS = YES;
				MTL_ENABLE_DEBUG_INFO = NO;
				MTL_FAST_MATH = YES;
				SDKROOT = iphoneos;
				SWIFT_COMPILATION_MODE = wholemodule;
				VALIDATE_PRODUCT = YES;
			};
			name = Release;
		};
		DE29233B2B1A518700B1D633 /* Debug */ = {
			isa = XCBuildConfiguration;
			buildSettings = {
				ASSETCATALOG_COMPILER_APPICON_NAME = AppIcon;
				ASSETCATALOG_COMPILER_GLOBAL_ACCENT_COLOR_NAME = AccentColor;
				CODE_SIGN_STYLE = Automatic;
				CURRENT_PROJECT_VERSION = 1;
				DEVELOPMENT_TEAM = 5MVGTUBM8B;
				GENERATE_INFOPLIST_FILE = YES;
				INFOPLIST_FILE = "alelo-challenge/Info.plist";
				INFOPLIST_KEY_UIApplicationSupportsIndirectInputEvents = YES;
				INFOPLIST_KEY_UILaunchStoryboardName = LaunchScreen;
				INFOPLIST_KEY_UISupportedInterfaceOrientations_iPad = "UIInterfaceOrientationPortrait UIInterfaceOrientationPortraitUpsideDown UIInterfaceOrientationLandscapeLeft UIInterfaceOrientationLandscapeRight";
				INFOPLIST_KEY_UISupportedInterfaceOrientations_iPhone = "UIInterfaceOrientationPortrait UIInterfaceOrientationLandscapeLeft UIInterfaceOrientationLandscapeRight";
				LD_RUNPATH_SEARCH_PATHS = (
					"$(inherited)",
					"@executable_path/Frameworks",
				);
				MARKETING_VERSION = 1.0;
				PRODUCT_BUNDLE_IDENTIFIER = "santiago.alelo-challenge";
				PRODUCT_NAME = "$(TARGET_NAME)";
				SWIFT_EMIT_LOC_STRINGS = YES;
				SWIFT_VERSION = 5.0;
				TARGETED_DEVICE_FAMILY = "1,2";
			};
			name = Debug;
		};
		DE29233C2B1A518700B1D633 /* Release */ = {
			isa = XCBuildConfiguration;
			buildSettings = {
				ASSETCATALOG_COMPILER_APPICON_NAME = AppIcon;
				ASSETCATALOG_COMPILER_GLOBAL_ACCENT_COLOR_NAME = AccentColor;
				CODE_SIGN_STYLE = Automatic;
				CURRENT_PROJECT_VERSION = 1;
				DEVELOPMENT_TEAM = 5MVGTUBM8B;
				GENERATE_INFOPLIST_FILE = YES;
				INFOPLIST_FILE = "alelo-challenge/Info.plist";
				INFOPLIST_KEY_UIApplicationSupportsIndirectInputEvents = YES;
				INFOPLIST_KEY_UILaunchStoryboardName = LaunchScreen;
				INFOPLIST_KEY_UISupportedInterfaceOrientations_iPad = "UIInterfaceOrientationPortrait UIInterfaceOrientationPortraitUpsideDown UIInterfaceOrientationLandscapeLeft UIInterfaceOrientationLandscapeRight";
				INFOPLIST_KEY_UISupportedInterfaceOrientations_iPhone = "UIInterfaceOrientationPortrait UIInterfaceOrientationLandscapeLeft UIInterfaceOrientationLandscapeRight";
				LD_RUNPATH_SEARCH_PATHS = (
					"$(inherited)",
					"@executable_path/Frameworks",
				);
				MARKETING_VERSION = 1.0;
				PRODUCT_BUNDLE_IDENTIFIER = "santiago.alelo-challenge";
				PRODUCT_NAME = "$(TARGET_NAME)";
				SWIFT_EMIT_LOC_STRINGS = YES;
				SWIFT_VERSION = 5.0;
				TARGETED_DEVICE_FAMILY = "1,2";
			};
			name = Release;
		};
		DE29233E2B1A518700B1D633 /* Debug */ = {
			isa = XCBuildConfiguration;
			buildSettings = {
				ALWAYS_EMBED_SWIFT_STANDARD_LIBRARIES = YES;
				BUNDLE_LOADER = "$(TEST_HOST)";
				CODE_SIGN_STYLE = Automatic;
				CURRENT_PROJECT_VERSION = 1;
				DEVELOPMENT_TEAM = 5MVGTUBM8B;
				GENERATE_INFOPLIST_FILE = YES;
				IPHONEOS_DEPLOYMENT_TARGET = 17.0;
				MARKETING_VERSION = 1.0;
				PRODUCT_BUNDLE_IDENTIFIER = "santiago.alelo-challengeTests";
				PRODUCT_NAME = "$(TARGET_NAME)";
				SWIFT_EMIT_LOC_STRINGS = NO;
				SWIFT_VERSION = 5.0;
				TARGETED_DEVICE_FAMILY = "1,2";
				TEST_HOST = "$(BUILT_PRODUCTS_DIR)/alelo-challenge.app/$(BUNDLE_EXECUTABLE_FOLDER_PATH)/alelo-challenge";
			};
			name = Debug;
		};
		DE29233F2B1A518700B1D633 /* Release */ = {
			isa = XCBuildConfiguration;
			buildSettings = {
				ALWAYS_EMBED_SWIFT_STANDARD_LIBRARIES = YES;
				BUNDLE_LOADER = "$(TEST_HOST)";
				CODE_SIGN_STYLE = Automatic;
				CURRENT_PROJECT_VERSION = 1;
				DEVELOPMENT_TEAM = 5MVGTUBM8B;
				GENERATE_INFOPLIST_FILE = YES;
				IPHONEOS_DEPLOYMENT_TARGET = 17.0;
				MARKETING_VERSION = 1.0;
				PRODUCT_BUNDLE_IDENTIFIER = "santiago.alelo-challengeTests";
				PRODUCT_NAME = "$(TARGET_NAME)";
				SWIFT_EMIT_LOC_STRINGS = NO;
				SWIFT_VERSION = 5.0;
				TARGETED_DEVICE_FAMILY = "1,2";
				TEST_HOST = "$(BUILT_PRODUCTS_DIR)/alelo-challenge.app/$(BUNDLE_EXECUTABLE_FOLDER_PATH)/alelo-challenge";
			};
			name = Release;
		};
/* End XCBuildConfiguration section */

/* Begin XCConfigurationList section */
		DE0742F32B20C3620039CF68 /* Build configuration list for PBXNativeTarget "alelo-challengeUITests" */ = {
			isa = XCConfigurationList;
			buildConfigurations = (
				DE0742F42B20C3620039CF68 /* Debug */,
				DE0742F52B20C3620039CF68 /* Release */,
			);
			defaultConfigurationIsVisible = 0;
			defaultConfigurationName = Release;
		};
		DE2923082B1A518400B1D633 /* Build configuration list for PBXProject "alelo-challenge" */ = {
			isa = XCConfigurationList;
			buildConfigurations = (
				DE2923382B1A518700B1D633 /* Debug */,
				DE2923392B1A518700B1D633 /* Release */,
			);
			defaultConfigurationIsVisible = 0;
			defaultConfigurationName = Release;
		};
		DE29233A2B1A518700B1D633 /* Build configuration list for PBXNativeTarget "alelo-challenge" */ = {
			isa = XCConfigurationList;
			buildConfigurations = (
				DE29233B2B1A518700B1D633 /* Debug */,
				DE29233C2B1A518700B1D633 /* Release */,
			);
			defaultConfigurationIsVisible = 0;
			defaultConfigurationName = Release;
		};
		DE29233D2B1A518700B1D633 /* Build configuration list for PBXNativeTarget "alelo-challengeTests" */ = {
			isa = XCConfigurationList;
			buildConfigurations = (
				DE29233E2B1A518700B1D633 /* Debug */,
				DE29233F2B1A518700B1D633 /* Release */,
			);
			defaultConfigurationIsVisible = 0;
			defaultConfigurationName = Release;
		};
/* End XCConfigurationList section */

/* Begin XCRemoteSwiftPackageReference section */
		DE0742D42B2031610039CF68 /* XCRemoteSwiftPackageReference "Kingfisher" */ = {
			isa = XCRemoteSwiftPackageReference;
			repositoryURL = "https://github.com/onevcat/Kingfisher.git";
			requirement = {
				kind = upToNextMajorVersion;
				minimumVersion = 7.10.0;
			};
		};
		DE0742E12B20BFD60039CF68 /* XCRemoteSwiftPackageReference "swift-snapshot-testing" */ = {
			isa = XCRemoteSwiftPackageReference;
			repositoryURL = "https://github.com/pointfreeco/swift-snapshot-testing";
			requirement = {
				kind = upToNextMajorVersion;
				minimumVersion = 1.15.1;
			};
		};
/* End XCRemoteSwiftPackageReference section */

/* Begin XCSwiftPackageProductDependency section */
		DE0742D52B2031610039CF68 /* Kingfisher */ = {
			isa = XCSwiftPackageProductDependency;
			package = DE0742D42B2031610039CF68 /* XCRemoteSwiftPackageReference "Kingfisher" */;
			productName = Kingfisher;
		};
		DE0742F72B20C3EB0039CF68 /* SnapshotTesting */ = {
			isa = XCSwiftPackageProductDependency;
			package = DE0742E12B20BFD60039CF68 /* XCRemoteSwiftPackageReference "swift-snapshot-testing" */;
			productName = SnapshotTesting;
		};
		DE0742F92B20C4B60039CF68 /* InlineSnapshotTesting */ = {
			isa = XCSwiftPackageProductDependency;
			package = DE0742E12B20BFD60039CF68 /* XCRemoteSwiftPackageReference "swift-snapshot-testing" */;
			productName = InlineSnapshotTesting;
		};
/* End XCSwiftPackageProductDependency section */
	};
	rootObject = DE2923052B1A518400B1D633 /* Project object */;
}
